
Microsoft Visual Studio Solution File, Format Version 12.00
# Visual Studio Version 16
VisualStudioVersion = 16.0.30225.117
MinimumVisualStudioVersion = 10.0.40219.1
Project("{FAE04EC0-301F-11D3-BF4B-00C04F79EFBC}") = "ConvertTestApp", "ConvertTestApp\ConvertTestApp.csproj", "{0B2FBBCD-77A2-4A46-B629-AEC580E0F776}"
EndProject
Global
	GlobalSection(SolutionConfigurationPlatforms) = preSolution
		Debug|Any CPU = Debug|Any CPU
		Release|Any CPU = Release|Any CPU
	EndGlobalSection
	GlobalSection(ProjectConfigurationPlatforms) = postSolution
		{0B2FBBCD-77A2-4A46-B629-AEC580E0F776}.Debug|Any CPU.ActiveCfg = Debug|Any CPU
		{0B2FBBCD-77A2-4A46-B629-AEC580E0F776}.Debug|Any CPU.Build.0 = Debug|Any CPU
		{0B2FBBCD-77A2-4A46-B629-AEC580E0F776}.Release|Any CPU.ActiveCfg = Release|Any CPU
		{0B2FBBCD-77A2-4A46-B629-AEC580E0F776}.Release|Any CPU.Build.0 = Release|Any CPU
	EndGlobalSection
	GlobalSection(SolutionProperties) = preSolution
		HideSolutionNode = FALSE
	EndGlobalSection
	GlobalSection(ExtensibilityGlobals) = postSolution
		SolutionGuid = {E0E98DE6-81B6-4EE4-B6F4-6FBC5865FC9A}
	EndGlobalSection
EndGlobal
